{
  "requires": true,
  "lockfileVersion": 1,
  "dependencies": {
    "@gsap/shockingly": {
      "version": "3.10.4",
      "resolved": "https://npm.greensock.com/@gsap%2fshockingly/-/shockingly-3.10.4.tgz",
      "integrity": "sha512-yHI7bywPYdLEAue7m7bhD7ZYY54OzIq1Hu34yjFyKzVxHqZc1F/fEHlRMl8W9bHbb89f3JXq12Ih3U7g4vowQQ=="
    },
    "gsap": {
      "version": "npm:@gsap/shockingly@3.10.4",
      "resolved": "https://npm.greensock.com/@gsap%2fshockingly/-/shockingly-3.10.4.tgz",
      "integrity": "sha512-yHI7bywPYdLEAue7m7bhD7ZYY54OzIq1Hu34yjFyKzVxHqZc1F/fEHlRMl8W9bHbb89f3JXq12Ih3U7g4vowQQ=="
    }
  }
}
