# THIS IS AN AUTOGENERATED FILE. DO NOT EDIT THIS FILE DIRECTLY.
# yarn lockfile v1


"gsap@npm:@gsap/shockingly":
  version "3.10.4"
  resolved "https://npm.greensock.com/@gsap%2fshockingly/-/shockingly-3.10.4.tgz#a8a785b23b83cdc62cb8bc70b8b26163e22499e8"
  integrity sha512-yHI7bywPYdLEAue7m7bhD7ZYY54OzIq1Hu34yjFyKzVxHqZc1F/fEHlRMl8W9bHbb89f3JXq12Ih3U7g4vowQQ==
